
Microsoft Visual Studio Solution File, Format Version 12.00
# Visual Studio 14
VisualStudioVersion = 14.0.25420.1
MinimumVisualStudioVersion = 10.0.40219.1
Project("{FAE04EC0-301F-11D3-BF4B-00C04F79EFBC}") = "TI.MORADA.SOL.TRANSPARENCIA.UI", "TI.MORADA.SOL.UI\TI.MORADA.SOL.TRANSPARENCIA.UI.csproj", "{4D211FB5-1D4C-42C6-A430-69441CC79E39}"
EndProject
Project("{FAE04EC0-301F-11D3-BF4B-00C04F79EFBC}") = "TI.MORADA.SOLACESSO.DADOS", "TI.MORADA.SOLACESSO.DADOS\TI.MORADA.SOLACESSO.DADOS.csproj", "{192B7AB9-D8C3-4645-8BF1-1FDB8670BC1D}"
EndProject
Project("{FAE04EC0-301F-11D3-BF4B-00C04F79EFBC}") = "TI.MORADA.SOL.OBJETO.TRANSFERENCIA", "TI.MORADA.SOL.OBJETO.TRANSFERENCIA\TI.MORADA.SOL.OBJETO.TRANSFERENCIA.csproj", "{FD18995D-BFE6-49FB-98B3-3DE5EFE4FD29}"
EndProject
Project("{FAE04EC0-301F-11D3-BF4B-00C04F79EFBC}") = "TI.MORADA.SOL.REGRA.NEGOCIOS", "TI.MORADA.SOL.REGRA.NEGOCIOS\TI.MORADA.SOL.REGRA.NEGOCIOS.csproj", "{61359549-C2AD-4165-8C5B-9773F2DF14AF}"
EndProject
Project("{FAE04EC0-301F-11D3-BF4B-00C04F79EFBC}") = "TI.MORADA.SOL.SITE.UI", "TI.MORADA.SOL.SITE.UI\TI.MORADA.SOL.SITE.UI.csproj", "{B5A76E19-128B-48EC-AF90-1CF86CA88C86}"
EndProject
Project("{FAE04EC0-301F-11D3-BF4B-00C04F79EFBC}") = "TI.MORADA.SOL.CALENDARIO", "TI.MORDA.SOL.CALENDARIO\TI.MORADA.SOL.CALENDARIO.csproj", "{06EA735E-CDF9-4633-A7DC-71162D92B7A7}"
EndProject
Project("{FAE04EC0-301F-11D3-BF4B-00C04F79EFBC}") = "TI.MORADA.SOL.INFORMATIVO", "TI.MORADA.SOL.INFORMATIVO\TI.MORADA.SOL.INFORMATIVO.csproj", "{79FCC6F9-704C-44D9-A26C-383D69646C61}"
EndProject
Project("{FAE04EC0-301F-11D3-BF4B-00C04F79EFBC}") = "TI.MORADA.SOL.ADMINISTRACAO", "TI.MORADA.SOL.ADMINISTRACAO\TI.MORADA.SOL.ADMINISTRACAO.csproj", "{3BF86334-EB82-4894-BFFF-FAD5F3C39F22}"
EndProject
Global
	GlobalSection(SolutionConfigurationPlatforms) = preSolution
		Debug|Any CPU = Debug|Any CPU
		Release|Any CPU = Release|Any CPU
	EndGlobalSection
	GlobalSection(ProjectConfigurationPlatforms) = postSolution
		{4D211FB5-1D4C-42C6-A430-69441CC79E39}.Debug|Any CPU.ActiveCfg = Debug|Any CPU
		{4D211FB5-1D4C-42C6-A430-69441CC79E39}.Debug|Any CPU.Build.0 = Debug|Any CPU
		{4D211FB5-1D4C-42C6-A430-69441CC79E39}.Release|Any CPU.ActiveCfg = Release|Any CPU
		{4D211FB5-1D4C-42C6-A430-69441CC79E39}.Release|Any CPU.Build.0 = Release|Any CPU
		{192B7AB9-D8C3-4645-8BF1-1FDB8670BC1D}.Debug|Any CPU.ActiveCfg = Debug|Any CPU
		{192B7AB9-D8C3-4645-8BF1-1FDB8670BC1D}.Debug|Any CPU.Build.0 = Debug|Any CPU
		{192B7AB9-D8C3-4645-8BF1-1FDB8670BC1D}.Release|Any CPU.ActiveCfg = Release|Any CPU
		{192B7AB9-D8C3-4645-8BF1-1FDB8670BC1D}.Release|Any CPU.Build.0 = Release|Any CPU
		{FD18995D-BFE6-49FB-98B3-3DE5EFE4FD29}.Debug|Any CPU.ActiveCfg = Debug|Any CPU
		{FD18995D-BFE6-49FB-98B3-3DE5EFE4FD29}.Debug|Any CPU.Build.0 = Debug|Any CPU
		{FD18995D-BFE6-49FB-98B3-3DE5EFE4FD29}.Release|Any CPU.ActiveCfg = Release|Any CPU
		{FD18995D-BFE6-49FB-98B3-3DE5EFE4FD29}.Release|Any CPU.Build.0 = Release|Any CPU
		{61359549-C2AD-4165-8C5B-9773F2DF14AF}.Debug|Any CPU.ActiveCfg = Debug|Any CPU
		{61359549-C2AD-4165-8C5B-9773F2DF14AF}.Debug|Any CPU.Build.0 = Debug|Any CPU
		{61359549-C2AD-4165-8C5B-9773F2DF14AF}.Release|Any CPU.ActiveCfg = Release|Any CPU
		{61359549-C2AD-4165-8C5B-9773F2DF14AF}.Release|Any CPU.Build.0 = Release|Any CPU
		{B5A76E19-128B-48EC-AF90-1CF86CA88C86}.Debug|Any CPU.ActiveCfg = Debug|Any CPU
		{B5A76E19-128B-48EC-AF90-1CF86CA88C86}.Debug|Any CPU.Build.0 = Debug|Any CPU
		{B5A76E19-128B-48EC-AF90-1CF86CA88C86}.Release|Any CPU.ActiveCfg = Release|Any CPU
		{B5A76E19-128B-48EC-AF90-1CF86CA88C86}.Release|Any CPU.Build.0 = Release|Any CPU
		{06EA735E-CDF9-4633-A7DC-71162D92B7A7}.Debug|Any CPU.ActiveCfg = Debug|Any CPU
		{06EA735E-CDF9-4633-A7DC-71162D92B7A7}.Debug|Any CPU.Build.0 = Debug|Any CPU
		{06EA735E-CDF9-4633-A7DC-71162D92B7A7}.Release|Any CPU.ActiveCfg = Release|Any CPU
		{06EA735E-CDF9-4633-A7DC-71162D92B7A7}.Release|Any CPU.Build.0 = Release|Any CPU
		{79FCC6F9-704C-44D9-A26C-383D69646C61}.Debug|Any CPU.ActiveCfg = Debug|Any CPU
		{79FCC6F9-704C-44D9-A26C-383D69646C61}.Debug|Any CPU.Build.0 = Debug|Any CPU
		{79FCC6F9-704C-44D9-A26C-383D69646C61}.Release|Any CPU.ActiveCfg = Release|Any CPU
		{79FCC6F9-704C-44D9-A26C-383D69646C61}.Release|Any CPU.Build.0 = Release|Any CPU
		{3BF86334-EB82-4894-BFFF-FAD5F3C39F22}.Debug|Any CPU.ActiveCfg = Debug|Any CPU
		{3BF86334-EB82-4894-BFFF-FAD5F3C39F22}.Debug|Any CPU.Build.0 = Debug|Any CPU
		{3BF86334-EB82-4894-BFFF-FAD5F3C39F22}.Release|Any CPU.ActiveCfg = Release|Any CPU
		{3BF86334-EB82-4894-BFFF-FAD5F3C39F22}.Release|Any CPU.Build.0 = Release|Any CPU
	EndGlobalSection
	GlobalSection(SolutionProperties) = preSolution
		HideSolutionNode = FALSE
	EndGlobalSection
EndGlobal
